
Microsoft Visual Studio Solution File, Format Version 12.00
# Visual Studio Version 16
VisualStudioVersion = 16.0.30114.128
MinimumVisualStudioVersion = 10.0.40219.1
Project("{FAE04EC0-301F-11D3-BF4B-00C04F79EFBC}") = "BlazorLocation.Demo", "BlazorLocation.Demo\BlazorLocation.Demo.csproj", "{FF1C5F2E-8181-4641-B203-17F649064E6A}"
EndProject
Project("{FAE04EC0-301F-11D3-BF4B-00C04F79EFBC}") = "BlazorLocation", "BlazorLocation\BlazorLocation.csproj", "{13EFE48B-04F3-4539-953B-A15517605927}"
EndProject
Global
	GlobalSection(SolutionConfigurationPlatforms) = preSolution
		Debug|Any CPU = Debug|Any CPU
		Release|Any CPU = Release|Any CPU
	EndGlobalSection
	GlobalSection(ProjectConfigurationPlatforms) = postSolution
		{FF1C5F2E-8181-4641-B203-17F649064E6A}.Debug|Any CPU.ActiveCfg = Debug|Any CPU
		{FF1C5F2E-8181-4641-B203-17F649064E6A}.Debug|Any CPU.Build.0 = Debug|Any CPU
		{FF1C5F2E-8181-4641-B203-17F649064E6A}.Release|Any CPU.ActiveCfg = Release|Any CPU
		{FF1C5F2E-8181-4641-B203-17F649064E6A}.Release|Any CPU.Build.0 = Release|Any CPU
		{13EFE48B-04F3-4539-953B-A15517605927}.Debug|Any CPU.ActiveCfg = Debug|Any CPU
		{13EFE48B-04F3-4539-953B-A15517605927}.Debug|Any CPU.Build.0 = Debug|Any CPU
		{13EFE48B-04F3-4539-953B-A15517605927}.Release|Any CPU.ActiveCfg = Release|Any CPU
		{13EFE48B-04F3-4539-953B-A15517605927}.Release|Any CPU.Build.0 = Release|Any CPU
	EndGlobalSection
	GlobalSection(SolutionProperties) = preSolution
		HideSolutionNode = FALSE
	EndGlobalSection
	GlobalSection(ExtensibilityGlobals) = postSolution
		SolutionGuid = {C0C6C3D8-D76C-413C-9596-E6B782E9F915}
	EndGlobalSection
EndGlobal
